
Microsoft Visual Studio Solution File, Format Version 12.00
# Visual Studio 14
VisualStudioVersion = 14.0.25420.1
MinimumVisualStudioVersion = 10.0.40219.1
Project("{FAE04EC0-301F-11D3-BF4B-00C04F79EFBC}") = "CloudFrame", "Frame\CloudFrame.csproj", "{FF3EFB1A-1C3C-481C-BDAC-F21D06875FFC}"
EndProject
Project("{FAE04EC0-301F-11D3-BF4B-00C04F79EFBC}") = "CloudClient", "Client\CloudClient.csproj", "{1AB1558B-81BB-49D6-8DCB-7948B83F477C}"
EndProject
Project("{FAE04EC0-301F-11D3-BF4B-00C04F79EFBC}") = "CloudServer", "Server\CloudServer.csproj", "{670C83CC-9AA3-4925-B9B4-7824BA10AB28}"
EndProject
Global
	GlobalSection(SolutionConfigurationPlatforms) = preSolution
		Debug|Any CPU = Debug|Any CPU
		Release|Any CPU = Release|Any CPU
	EndGlobalSection
	GlobalSection(ProjectConfigurationPlatforms) = postSolution
		{FF3EFB1A-1C3C-481C-BDAC-F21D06875FFC}.Debug|Any CPU.ActiveCfg = Debug|Any CPU
		{FF3EFB1A-1C3C-481C-BDAC-F21D06875FFC}.Debug|Any CPU.Build.0 = Debug|Any CPU
		{FF3EFB1A-1C3C-481C-BDAC-F21D06875FFC}.Release|Any CPU.ActiveCfg = Release|Any CPU
		{FF3EFB1A-1C3C-481C-BDAC-F21D06875FFC}.Release|Any CPU.Build.0 = Release|Any CPU
		{1AB1558B-81BB-49D6-8DCB-7948B83F477C}.Debug|Any CPU.ActiveCfg = Debug|Any CPU
		{1AB1558B-81BB-49D6-8DCB-7948B83F477C}.Debug|Any CPU.Build.0 = Debug|Any CPU
		{1AB1558B-81BB-49D6-8DCB-7948B83F477C}.Release|Any CPU.ActiveCfg = Release|Any CPU
		{1AB1558B-81BB-49D6-8DCB-7948B83F477C}.Release|Any CPU.Build.0 = Release|Any CPU
		{670C83CC-9AA3-4925-B9B4-7824BA10AB28}.Debug|Any CPU.ActiveCfg = Debug|Any CPU
		{670C83CC-9AA3-4925-B9B4-7824BA10AB28}.Debug|Any CPU.Build.0 = Debug|Any CPU
		{670C83CC-9AA3-4925-B9B4-7824BA10AB28}.Release|Any CPU.ActiveCfg = Release|Any CPU
		{670C83CC-9AA3-4925-B9B4-7824BA10AB28}.Release|Any CPU.Build.0 = Release|Any CPU
	EndGlobalSection
	GlobalSection(SolutionProperties) = preSolution
		HideSolutionNode = FALSE
	EndGlobalSection
EndGlobal
