
Microsoft Visual Studio Solution File, Format Version 12.00
# Visual Studio 15
VisualStudioVersion = 15.0.27130.2027
MinimumVisualStudioVersion = 10.0.40219.1
Project("{9A19103F-16F7-4668-BE54-9A1E7A4F7556}") = "ZYNetServer", "ZYNetServer\ZYNetServer.csproj", "{AC25FA41-87CC-4D7E-800A-F1275F405B7C}"
EndProject
Project("{9A19103F-16F7-4668-BE54-9A1E7A4F7556}") = "ZYNetFrame", "ZYNetFrame\ZYNetFrame.csproj", "{351DCB3D-A1E1-4E9D-94A9-B9F4BE4E3DB7}"
EndProject
Project("{9A19103F-16F7-4668-BE54-9A1E7A4F7556}") = "ZYNetClient", "ZYNetClient\ZYNetClient.csproj", "{05E815ED-1867-4BEE-A4D1-97B075301E1D}"
EndProject
Global
	GlobalSection(SolutionConfigurationPlatforms) = preSolution
		Debug|Any CPU = Debug|Any CPU
		Release|Any CPU = Release|Any CPU
	EndGlobalSection
	GlobalSection(ProjectConfigurationPlatforms) = postSolution
		{AC25FA41-87CC-4D7E-800A-F1275F405B7C}.Debug|Any CPU.ActiveCfg = Debug|Any CPU
		{AC25FA41-87CC-4D7E-800A-F1275F405B7C}.Debug|Any CPU.Build.0 = Debug|Any CPU
		{AC25FA41-87CC-4D7E-800A-F1275F405B7C}.Release|Any CPU.ActiveCfg = Release|Any CPU
		{AC25FA41-87CC-4D7E-800A-F1275F405B7C}.Release|Any CPU.Build.0 = Release|Any CPU
		{351DCB3D-A1E1-4E9D-94A9-B9F4BE4E3DB7}.Debug|Any CPU.ActiveCfg = Debug|Any CPU
		{351DCB3D-A1E1-4E9D-94A9-B9F4BE4E3DB7}.Debug|Any CPU.Build.0 = Debug|Any CPU
		{351DCB3D-A1E1-4E9D-94A9-B9F4BE4E3DB7}.Release|Any CPU.ActiveCfg = Release|Any CPU
		{351DCB3D-A1E1-4E9D-94A9-B9F4BE4E3DB7}.Release|Any CPU.Build.0 = Release|Any CPU
		{05E815ED-1867-4BEE-A4D1-97B075301E1D}.Debug|Any CPU.ActiveCfg = Debug|Any CPU
		{05E815ED-1867-4BEE-A4D1-97B075301E1D}.Debug|Any CPU.Build.0 = Debug|Any CPU
		{05E815ED-1867-4BEE-A4D1-97B075301E1D}.Release|Any CPU.ActiveCfg = Release|Any CPU
		{05E815ED-1867-4BEE-A4D1-97B075301E1D}.Release|Any CPU.Build.0 = Release|Any CPU
	EndGlobalSection
	GlobalSection(SolutionProperties) = preSolution
		HideSolutionNode = FALSE
	EndGlobalSection
	GlobalSection(ExtensibilityGlobals) = postSolution
		SolutionGuid = {43E293B2-9233-458F-B0D1-C62D84A97F39}
	EndGlobalSection
EndGlobal
