
Microsoft Visual Studio Solution File, Format Version 12.00
# Visual Studio 14
VisualStudioVersion = 14.0.25420.1
MinimumVisualStudioVersion = 10.0.40219.1
Project("{FAE04EC0-301F-11D3-BF4B-00C04F79EFBC}") = "IOSTest", "IOSTest\IOSTest.csproj", "{B15C114F-ED00-49C3-B920-5346EF677C0B}"
EndProject
Global
	GlobalSection(SolutionConfigurationPlatforms) = preSolution
		Ad-Hoc|iPhone = Ad-Hoc|iPhone
		Ad-Hoc|iPhoneSimulator = Ad-Hoc|iPhoneSimulator
		AppStore|iPhone = AppStore|iPhone
		AppStore|iPhoneSimulator = AppStore|iPhoneSimulator
		Debug|iPhone = Debug|iPhone
		Debug|iPhoneSimulator = Debug|iPhoneSimulator
		Release|iPhone = Release|iPhone
		Release|iPhoneSimulator = Release|iPhoneSimulator
	EndGlobalSection
	GlobalSection(ProjectConfigurationPlatforms) = postSolution
		{B15C114F-ED00-49C3-B920-5346EF677C0B}.Ad-Hoc|iPhone.ActiveCfg = Ad-Hoc|iPhone
		{B15C114F-ED00-49C3-B920-5346EF677C0B}.Ad-Hoc|iPhone.Build.0 = Ad-Hoc|iPhone
		{B15C114F-ED00-49C3-B920-5346EF677C0B}.Ad-Hoc|iPhoneSimulator.ActiveCfg = Ad-Hoc|iPhoneSimulator
		{B15C114F-ED00-49C3-B920-5346EF677C0B}.Ad-Hoc|iPhoneSimulator.Build.0 = Ad-Hoc|iPhoneSimulator
		{B15C114F-ED00-49C3-B920-5346EF677C0B}.AppStore|iPhone.ActiveCfg = AppStore|iPhone
		{B15C114F-ED00-49C3-B920-5346EF677C0B}.AppStore|iPhone.Build.0 = AppStore|iPhone
		{B15C114F-ED00-49C3-B920-5346EF677C0B}.AppStore|iPhoneSimulator.ActiveCfg = AppStore|iPhoneSimulator
		{B15C114F-ED00-49C3-B920-5346EF677C0B}.AppStore|iPhoneSimulator.Build.0 = AppStore|iPhoneSimulator
		{B15C114F-ED00-49C3-B920-5346EF677C0B}.Debug|iPhone.ActiveCfg = Debug|iPhone
		{B15C114F-ED00-49C3-B920-5346EF677C0B}.Debug|iPhone.Build.0 = Debug|iPhone
		{B15C114F-ED00-49C3-B920-5346EF677C0B}.Debug|iPhoneSimulator.ActiveCfg = Debug|iPhoneSimulator
		{B15C114F-ED00-49C3-B920-5346EF677C0B}.Debug|iPhoneSimulator.Build.0 = Debug|iPhoneSimulator
		{B15C114F-ED00-49C3-B920-5346EF677C0B}.Release|iPhone.ActiveCfg = Release|iPhone
		{B15C114F-ED00-49C3-B920-5346EF677C0B}.Release|iPhone.Build.0 = Release|iPhone
		{B15C114F-ED00-49C3-B920-5346EF677C0B}.Release|iPhoneSimulator.ActiveCfg = Release|iPhoneSimulator
		{B15C114F-ED00-49C3-B920-5346EF677C0B}.Release|iPhoneSimulator.Build.0 = Release|iPhoneSimulator
	EndGlobalSection
	GlobalSection(SolutionProperties) = preSolution
		HideSolutionNode = FALSE
	EndGlobalSection
EndGlobal
