
Microsoft Visual Studio Solution File, Format Version 12.00
# Visual Studio 15
VisualStudioVersion = 15.0.27130.2027
MinimumVisualStudioVersion = 10.0.40219.1
Project("{2150E333-8FDC-42A3-9474-1A3956D46DE8}") = "Test", "Test", "{90FEB92B-7C16-494F-921F-078550421DF7}"
EndProject
Project("{2150E333-8FDC-42A3-9474-1A3956D46DE8}") = "xamarin.forms", "xamarin.forms", "{5BD57E32-C15D-41A0-868E-D351B3CB726A}"
EndProject
Project("{9A19103F-16F7-4668-BE54-9A1E7A4F7556}") = "TestApp", "..\DEMO\xamarin.forms\TestApp\TestApp\TestApp\TestApp.csproj", "{29A91C6A-6941-4EF6-923E-20FD5F65DA04}"
EndProject
Project("{FAE04EC0-301F-11D3-BF4B-00C04F79EFBC}") = "TestApp.Android", "..\DEMO\xamarin.forms\TestApp\TestApp\TestApp.Android\TestApp.Android.csproj", "{AF0D6C78-F2F0-4289-B12D-239C03DC0C30}"
EndProject
Project("{FAE04EC0-301F-11D3-BF4B-00C04F79EFBC}") = "TestApp.iOS", "..\DEMO\xamarin.forms\TestApp\TestApp\TestApp.iOS\TestApp.iOS.csproj", "{B9812262-7CBF-4C71-B4C9-81528F5BBD61}"
EndProject
Project("{9A19103F-16F7-4668-BE54-9A1E7A4F7556}") = "ZYNetFrame_Portable", "ZYNetFrame\ZYNetFrame_Portable.csproj", "{3FAD22E1-61F0-4B86-8262-FBB352AEAA84}"
EndProject
Project("{9A19103F-16F7-4668-BE54-9A1E7A4F7556}") = "ZYNetClient_Portable", "ZYNetClient\ZYNetClient_Portable.csproj", "{F97ADFD8-4B7A-4B1A-9CFF-8E599EC6CBB3}"
EndProject
Project("{9A19103F-16F7-4668-BE54-9A1E7A4F7556}") = "ZYNetServer_Portable", "ZYNetServer\ZYNetServer_Portable.csproj", "{4551E1A4-5F0B-4E3E-AB96-CB2A39685AFA}"
EndProject
Project("{9A19103F-16F7-4668-BE54-9A1E7A4F7556}") = "InterfaceFodyAddin.Fody", "InterfaceFodyAddin.Fody\InterfaceFodyAddin.Fody.csproj", "{790B42D7-52CA-4E6C-98DB-4F46FAA67C39}"
EndProject
Global
	GlobalSection(SolutionConfigurationPlatforms) = preSolution
		Ad-Hoc|Any CPU = Ad-Hoc|Any CPU
		Ad-Hoc|iPhone = Ad-Hoc|iPhone
		Ad-Hoc|iPhoneSimulator = Ad-Hoc|iPhoneSimulator
		AppStore|Any CPU = AppStore|Any CPU
		AppStore|iPhone = AppStore|iPhone
		AppStore|iPhoneSimulator = AppStore|iPhoneSimulator
		Debug|Any CPU = Debug|Any CPU
		Debug|iPhone = Debug|iPhone
		Debug|iPhoneSimulator = Debug|iPhoneSimulator
		Release|Any CPU = Release|Any CPU
		Release|iPhone = Release|iPhone
		Release|iPhoneSimulator = Release|iPhoneSimulator
	EndGlobalSection
	GlobalSection(ProjectConfigurationPlatforms) = postSolution
		{29A91C6A-6941-4EF6-923E-20FD5F65DA04}.Ad-Hoc|Any CPU.ActiveCfg = Debug|Any CPU
		{29A91C6A-6941-4EF6-923E-20FD5F65DA04}.Ad-Hoc|Any CPU.Build.0 = Debug|Any CPU
		{29A91C6A-6941-4EF6-923E-20FD5F65DA04}.Ad-Hoc|iPhone.ActiveCfg = Debug|Any CPU
		{29A91C6A-6941-4EF6-923E-20FD5F65DA04}.Ad-Hoc|iPhone.Build.0 = Debug|Any CPU
		{29A91C6A-6941-4EF6-923E-20FD5F65DA04}.Ad-Hoc|iPhoneSimulator.ActiveCfg = Debug|Any CPU
		{29A91C6A-6941-4EF6-923E-20FD5F65DA04}.Ad-Hoc|iPhoneSimulator.Build.0 = Debug|Any CPU
		{29A91C6A-6941-4EF6-923E-20FD5F65DA04}.AppStore|Any CPU.ActiveCfg = Debug|Any CPU
		{29A91C6A-6941-4EF6-923E-20FD5F65DA04}.AppStore|Any CPU.Build.0 = Debug|Any CPU
		{29A91C6A-6941-4EF6-923E-20FD5F65DA04}.AppStore|iPhone.ActiveCfg = Debug|Any CPU
		{29A91C6A-6941-4EF6-923E-20FD5F65DA04}.AppStore|iPhone.Build.0 = Debug|Any CPU
		{29A91C6A-6941-4EF6-923E-20FD5F65DA04}.AppStore|iPhoneSimulator.ActiveCfg = Debug|Any CPU
		{29A91C6A-6941-4EF6-923E-20FD5F65DA04}.AppStore|iPhoneSimulator.Build.0 = Debug|Any CPU
		{29A91C6A-6941-4EF6-923E-20FD5F65DA04}.Debug|Any CPU.ActiveCfg = Debug|Any CPU
		{29A91C6A-6941-4EF6-923E-20FD5F65DA04}.Debug|Any CPU.Build.0 = Debug|Any CPU
		{29A91C6A-6941-4EF6-923E-20FD5F65DA04}.Debug|iPhone.ActiveCfg = Debug|Any CPU
		{29A91C6A-6941-4EF6-923E-20FD5F65DA04}.Debug|iPhone.Build.0 = Debug|Any CPU
		{29A91C6A-6941-4EF6-923E-20FD5F65DA04}.Debug|iPhoneSimulator.ActiveCfg = Debug|Any CPU
		{29A91C6A-6941-4EF6-923E-20FD5F65DA04}.Debug|iPhoneSimulator.Build.0 = Debug|Any CPU
		{29A91C6A-6941-4EF6-923E-20FD5F65DA04}.Release|Any CPU.ActiveCfg = Release|Any CPU
		{29A91C6A-6941-4EF6-923E-20FD5F65DA04}.Release|Any CPU.Build.0 = Release|Any CPU
		{29A91C6A-6941-4EF6-923E-20FD5F65DA04}.Release|iPhone.ActiveCfg = Release|Any CPU
		{29A91C6A-6941-4EF6-923E-20FD5F65DA04}.Release|iPhone.Build.0 = Release|Any CPU
		{29A91C6A-6941-4EF6-923E-20FD5F65DA04}.Release|iPhoneSimulator.ActiveCfg = Release|Any CPU
		{29A91C6A-6941-4EF6-923E-20FD5F65DA04}.Release|iPhoneSimulator.Build.0 = Release|Any CPU
		{AF0D6C78-F2F0-4289-B12D-239C03DC0C30}.Ad-Hoc|Any CPU.ActiveCfg = Release|Any CPU
		{AF0D6C78-F2F0-4289-B12D-239C03DC0C30}.Ad-Hoc|Any CPU.Build.0 = Release|Any CPU
		{AF0D6C78-F2F0-4289-B12D-239C03DC0C30}.Ad-Hoc|Any CPU.Deploy.0 = Release|Any CPU
		{AF0D6C78-F2F0-4289-B12D-239C03DC0C30}.Ad-Hoc|iPhone.ActiveCfg = Release|Any CPU
		{AF0D6C78-F2F0-4289-B12D-239C03DC0C30}.Ad-Hoc|iPhone.Build.0 = Release|Any CPU
		{AF0D6C78-F2F0-4289-B12D-239C03DC0C30}.Ad-Hoc|iPhone.Deploy.0 = Release|Any CPU
		{AF0D6C78-F2F0-4289-B12D-239C03DC0C30}.Ad-Hoc|iPhoneSimulator.ActiveCfg = Release|Any CPU
		{AF0D6C78-F2F0-4289-B12D-239C03DC0C30}.Ad-Hoc|iPhoneSimulator.Build.0 = Release|Any CPU
		{AF0D6C78-F2F0-4289-B12D-239C03DC0C30}.Ad-Hoc|iPhoneSimulator.Deploy.0 = Release|Any CPU
		{AF0D6C78-F2F0-4289-B12D-239C03DC0C30}.AppStore|Any CPU.ActiveCfg = Release|Any CPU
		{AF0D6C78-F2F0-4289-B12D-239C03DC0C30}.AppStore|Any CPU.Build.0 = Release|Any CPU
		{AF0D6C78-F2F0-4289-B12D-239C03DC0C30}.AppStore|Any CPU.Deploy.0 = Release|Any CPU
		{AF0D6C78-F2F0-4289-B12D-239C03DC0C30}.AppStore|iPhone.ActiveCfg = Release|Any CPU
		{AF0D6C78-F2F0-4289-B12D-239C03DC0C30}.AppStore|iPhone.Build.0 = Release|Any CPU
		{AF0D6C78-F2F0-4289-B12D-239C03DC0C30}.AppStore|iPhone.Deploy.0 = Release|Any CPU
		{AF0D6C78-F2F0-4289-B12D-239C03DC0C30}.AppStore|iPhoneSimulator.ActiveCfg = Release|Any CPU
		{AF0D6C78-F2F0-4289-B12D-239C03DC0C30}.AppStore|iPhoneSimulator.Build.0 = Release|Any CPU
		{AF0D6C78-F2F0-4289-B12D-239C03DC0C30}.AppStore|iPhoneSimulator.Deploy.0 = Release|Any CPU
		{AF0D6C78-F2F0-4289-B12D-239C03DC0C30}.Debug|Any CPU.ActiveCfg = Debug|Any CPU
		{AF0D6C78-F2F0-4289-B12D-239C03DC0C30}.Debug|Any CPU.Build.0 = Debug|Any CPU
		{AF0D6C78-F2F0-4289-B12D-239C03DC0C30}.Debug|Any CPU.Deploy.0 = Debug|Any CPU
		{AF0D6C78-F2F0-4289-B12D-239C03DC0C30}.Debug|iPhone.ActiveCfg = Debug|Any CPU
		{AF0D6C78-F2F0-4289-B12D-239C03DC0C30}.Debug|iPhone.Build.0 = Debug|Any CPU
		{AF0D6C78-F2F0-4289-B12D-239C03DC0C30}.Debug|iPhone.Deploy.0 = Debug|Any CPU
		{AF0D6C78-F2F0-4289-B12D-239C03DC0C30}.Debug|iPhoneSimulator.ActiveCfg = Debug|Any CPU
		{AF0D6C78-F2F0-4289-B12D-239C03DC0C30}.Debug|iPhoneSimulator.Build.0 = Debug|Any CPU
		{AF0D6C78-F2F0-4289-B12D-239C03DC0C30}.Debug|iPhoneSimulator.Deploy.0 = Debug|Any CPU
		{AF0D6C78-F2F0-4289-B12D-239C03DC0C30}.Release|Any CPU.ActiveCfg = Release|Any CPU
		{AF0D6C78-F2F0-4289-B12D-239C03DC0C30}.Release|Any CPU.Build.0 = Release|Any CPU
		{AF0D6C78-F2F0-4289-B12D-239C03DC0C30}.Release|Any CPU.Deploy.0 = Release|Any CPU
		{AF0D6C78-F2F0-4289-B12D-239C03DC0C30}.Release|iPhone.ActiveCfg = Release|Any CPU
		{AF0D6C78-F2F0-4289-B12D-239C03DC0C30}.Release|iPhone.Build.0 = Release|Any CPU
		{AF0D6C78-F2F0-4289-B12D-239C03DC0C30}.Release|iPhone.Deploy.0 = Release|Any CPU
		{AF0D6C78-F2F0-4289-B12D-239C03DC0C30}.Release|iPhoneSimulator.ActiveCfg = Release|Any CPU
		{AF0D6C78-F2F0-4289-B12D-239C03DC0C30}.Release|iPhoneSimulator.Build.0 = Release|Any CPU
		{AF0D6C78-F2F0-4289-B12D-239C03DC0C30}.Release|iPhoneSimulator.Deploy.0 = Release|Any CPU
		{B9812262-7CBF-4C71-B4C9-81528F5BBD61}.Ad-Hoc|Any CPU.ActiveCfg = Ad-Hoc|iPhone
		{B9812262-7CBF-4C71-B4C9-81528F5BBD61}.Ad-Hoc|iPhone.ActiveCfg = Ad-Hoc|iPhone
		{B9812262-7CBF-4C71-B4C9-81528F5BBD61}.Ad-Hoc|iPhone.Build.0 = Ad-Hoc|iPhone
		{B9812262-7CBF-4C71-B4C9-81528F5BBD61}.Ad-Hoc|iPhoneSimulator.ActiveCfg = Ad-Hoc|iPhoneSimulator
		{B9812262-7CBF-4C71-B4C9-81528F5BBD61}.Ad-Hoc|iPhoneSimulator.Build.0 = Ad-Hoc|iPhoneSimulator
		{B9812262-7CBF-4C71-B4C9-81528F5BBD61}.AppStore|Any CPU.ActiveCfg = AppStore|iPhone
		{B9812262-7CBF-4C71-B4C9-81528F5BBD61}.AppStore|iPhone.ActiveCfg = AppStore|iPhone
		{B9812262-7CBF-4C71-B4C9-81528F5BBD61}.AppStore|iPhone.Build.0 = AppStore|iPhone
		{B9812262-7CBF-4C71-B4C9-81528F5BBD61}.AppStore|iPhoneSimulator.ActiveCfg = AppStore|iPhoneSimulator
		{B9812262-7CBF-4C71-B4C9-81528F5BBD61}.AppStore|iPhoneSimulator.Build.0 = AppStore|iPhoneSimulator
		{B9812262-7CBF-4C71-B4C9-81528F5BBD61}.Debug|Any CPU.ActiveCfg = Debug|iPhone
		{B9812262-7CBF-4C71-B4C9-81528F5BBD61}.Debug|iPhone.ActiveCfg = Debug|iPhone
		{B9812262-7CBF-4C71-B4C9-81528F5BBD61}.Debug|iPhone.Build.0 = Debug|iPhone
		{B9812262-7CBF-4C71-B4C9-81528F5BBD61}.Debug|iPhoneSimulator.ActiveCfg = Debug|iPhoneSimulator
		{B9812262-7CBF-4C71-B4C9-81528F5BBD61}.Debug|iPhoneSimulator.Build.0 = Debug|iPhoneSimulator
		{B9812262-7CBF-4C71-B4C9-81528F5BBD61}.Release|Any CPU.ActiveCfg = Release|iPhone
		{B9812262-7CBF-4C71-B4C9-81528F5BBD61}.Release|iPhone.ActiveCfg = Release|iPhone
		{B9812262-7CBF-4C71-B4C9-81528F5BBD61}.Release|iPhone.Build.0 = Release|iPhone
		{B9812262-7CBF-4C71-B4C9-81528F5BBD61}.Release|iPhoneSimulator.ActiveCfg = Release|iPhoneSimulator
		{B9812262-7CBF-4C71-B4C9-81528F5BBD61}.Release|iPhoneSimulator.Build.0 = Release|iPhoneSimulator
		{3FAD22E1-61F0-4B86-8262-FBB352AEAA84}.Ad-Hoc|Any CPU.ActiveCfg = Debug|Any CPU
		{3FAD22E1-61F0-4B86-8262-FBB352AEAA84}.Ad-Hoc|Any CPU.Build.0 = Debug|Any CPU
		{3FAD22E1-61F0-4B86-8262-FBB352AEAA84}.Ad-Hoc|iPhone.ActiveCfg = Debug|Any CPU
		{3FAD22E1-61F0-4B86-8262-FBB352AEAA84}.Ad-Hoc|iPhone.Build.0 = Debug|Any CPU
		{3FAD22E1-61F0-4B86-8262-FBB352AEAA84}.Ad-Hoc|iPhoneSimulator.ActiveCfg = Debug|Any CPU
		{3FAD22E1-61F0-4B86-8262-FBB352AEAA84}.Ad-Hoc|iPhoneSimulator.Build.0 = Debug|Any CPU
		{3FAD22E1-61F0-4B86-8262-FBB352AEAA84}.AppStore|Any CPU.ActiveCfg = Debug|Any CPU
		{3FAD22E1-61F0-4B86-8262-FBB352AEAA84}.AppStore|Any CPU.Build.0 = Debug|Any CPU
		{3FAD22E1-61F0-4B86-8262-FBB352AEAA84}.AppStore|iPhone.ActiveCfg = Debug|Any CPU
		{3FAD22E1-61F0-4B86-8262-FBB352AEAA84}.AppStore|iPhone.Build.0 = Debug|Any CPU
		{3FAD22E1-61F0-4B86-8262-FBB352AEAA84}.AppStore|iPhoneSimulator.ActiveCfg = Debug|Any CPU
		{3FAD22E1-61F0-4B86-8262-FBB352AEAA84}.AppStore|iPhoneSimulator.Build.0 = Debug|Any CPU
		{3FAD22E1-61F0-4B86-8262-FBB352AEAA84}.Debug|Any CPU.ActiveCfg = Debug|Any CPU
		{3FAD22E1-61F0-4B86-8262-FBB352AEAA84}.Debug|Any CPU.Build.0 = Debug|Any CPU
		{3FAD22E1-61F0-4B86-8262-FBB352AEAA84}.Debug|iPhone.ActiveCfg = Debug|Any CPU
		{3FAD22E1-61F0-4B86-8262-FBB352AEAA84}.Debug|iPhone.Build.0 = Debug|Any CPU
		{3FAD22E1-61F0-4B86-8262-FBB352AEAA84}.Debug|iPhoneSimulator.ActiveCfg = Debug|Any CPU
		{3FAD22E1-61F0-4B86-8262-FBB352AEAA84}.Debug|iPhoneSimulator.Build.0 = Debug|Any CPU
		{3FAD22E1-61F0-4B86-8262-FBB352AEAA84}.Release|Any CPU.ActiveCfg = Release|Any CPU
		{3FAD22E1-61F0-4B86-8262-FBB352AEAA84}.Release|Any CPU.Build.0 = Release|Any CPU
		{3FAD22E1-61F0-4B86-8262-FBB352AEAA84}.Release|iPhone.ActiveCfg = Release|Any CPU
		{3FAD22E1-61F0-4B86-8262-FBB352AEAA84}.Release|iPhone.Build.0 = Release|Any CPU
		{3FAD22E1-61F0-4B86-8262-FBB352AEAA84}.Release|iPhoneSimulator.ActiveCfg = Release|Any CPU
		{3FAD22E1-61F0-4B86-8262-FBB352AEAA84}.Release|iPhoneSimulator.Build.0 = Release|Any CPU
		{F97ADFD8-4B7A-4B1A-9CFF-8E599EC6CBB3}.Ad-Hoc|Any CPU.ActiveCfg = Debug|Any CPU
		{F97ADFD8-4B7A-4B1A-9CFF-8E599EC6CBB3}.Ad-Hoc|Any CPU.Build.0 = Debug|Any CPU
		{F97ADFD8-4B7A-4B1A-9CFF-8E599EC6CBB3}.Ad-Hoc|iPhone.ActiveCfg = Debug|Any CPU
		{F97ADFD8-4B7A-4B1A-9CFF-8E599EC6CBB3}.Ad-Hoc|iPhone.Build.0 = Debug|Any CPU
		{F97ADFD8-4B7A-4B1A-9CFF-8E599EC6CBB3}.Ad-Hoc|iPhoneSimulator.ActiveCfg = Debug|Any CPU
		{F97ADFD8-4B7A-4B1A-9CFF-8E599EC6CBB3}.Ad-Hoc|iPhoneSimulator.Build.0 = Debug|Any CPU
		{F97ADFD8-4B7A-4B1A-9CFF-8E599EC6CBB3}.AppStore|Any CPU.ActiveCfg = Debug|Any CPU
		{F97ADFD8-4B7A-4B1A-9CFF-8E599EC6CBB3}.AppStore|Any CPU.Build.0 = Debug|Any CPU
		{F97ADFD8-4B7A-4B1A-9CFF-8E599EC6CBB3}.AppStore|iPhone.ActiveCfg = Debug|Any CPU
		{F97ADFD8-4B7A-4B1A-9CFF-8E599EC6CBB3}.AppStore|iPhone.Build.0 = Debug|Any CPU
		{F97ADFD8-4B7A-4B1A-9CFF-8E599EC6CBB3}.AppStore|iPhoneSimulator.ActiveCfg = Debug|Any CPU
		{F97ADFD8-4B7A-4B1A-9CFF-8E599EC6CBB3}.AppStore|iPhoneSimulator.Build.0 = Debug|Any CPU
		{F97ADFD8-4B7A-4B1A-9CFF-8E599EC6CBB3}.Debug|Any CPU.ActiveCfg = Debug|Any CPU
		{F97ADFD8-4B7A-4B1A-9CFF-8E599EC6CBB3}.Debug|Any CPU.Build.0 = Debug|Any CPU
		{F97ADFD8-4B7A-4B1A-9CFF-8E599EC6CBB3}.Debug|iPhone.ActiveCfg = Debug|Any CPU
		{F97ADFD8-4B7A-4B1A-9CFF-8E599EC6CBB3}.Debug|iPhone.Build.0 = Debug|Any CPU
		{F97ADFD8-4B7A-4B1A-9CFF-8E599EC6CBB3}.Debug|iPhoneSimulator.ActiveCfg = Debug|Any CPU
		{F97ADFD8-4B7A-4B1A-9CFF-8E599EC6CBB3}.Debug|iPhoneSimulator.Build.0 = Debug|Any CPU
		{F97ADFD8-4B7A-4B1A-9CFF-8E599EC6CBB3}.Release|Any CPU.ActiveCfg = Release|Any CPU
		{F97ADFD8-4B7A-4B1A-9CFF-8E599EC6CBB3}.Release|Any CPU.Build.0 = Release|Any CPU
		{F97ADFD8-4B7A-4B1A-9CFF-8E599EC6CBB3}.Release|iPhone.ActiveCfg = Release|Any CPU
		{F97ADFD8-4B7A-4B1A-9CFF-8E599EC6CBB3}.Release|iPhone.Build.0 = Release|Any CPU
		{F97ADFD8-4B7A-4B1A-9CFF-8E599EC6CBB3}.Release|iPhoneSimulator.ActiveCfg = Release|Any CPU
		{F97ADFD8-4B7A-4B1A-9CFF-8E599EC6CBB3}.Release|iPhoneSimulator.Build.0 = Release|Any CPU
		{4551E1A4-5F0B-4E3E-AB96-CB2A39685AFA}.Ad-Hoc|Any CPU.ActiveCfg = Debug|Any CPU
		{4551E1A4-5F0B-4E3E-AB96-CB2A39685AFA}.Ad-Hoc|Any CPU.Build.0 = Debug|Any CPU
		{4551E1A4-5F0B-4E3E-AB96-CB2A39685AFA}.Ad-Hoc|iPhone.ActiveCfg = Debug|Any CPU
		{4551E1A4-5F0B-4E3E-AB96-CB2A39685AFA}.Ad-Hoc|iPhone.Build.0 = Debug|Any CPU
		{4551E1A4-5F0B-4E3E-AB96-CB2A39685AFA}.Ad-Hoc|iPhoneSimulator.ActiveCfg = Debug|Any CPU
		{4551E1A4-5F0B-4E3E-AB96-CB2A39685AFA}.Ad-Hoc|iPhoneSimulator.Build.0 = Debug|Any CPU
		{4551E1A4-5F0B-4E3E-AB96-CB2A39685AFA}.AppStore|Any CPU.ActiveCfg = Debug|Any CPU
		{4551E1A4-5F0B-4E3E-AB96-CB2A39685AFA}.AppStore|Any CPU.Build.0 = Debug|Any CPU
		{4551E1A4-5F0B-4E3E-AB96-CB2A39685AFA}.AppStore|iPhone.ActiveCfg = Debug|Any CPU
		{4551E1A4-5F0B-4E3E-AB96-CB2A39685AFA}.AppStore|iPhone.Build.0 = Debug|Any CPU
		{4551E1A4-5F0B-4E3E-AB96-CB2A39685AFA}.AppStore|iPhoneSimulator.ActiveCfg = Debug|Any CPU
		{4551E1A4-5F0B-4E3E-AB96-CB2A39685AFA}.AppStore|iPhoneSimulator.Build.0 = Debug|Any CPU
		{4551E1A4-5F0B-4E3E-AB96-CB2A39685AFA}.Debug|Any CPU.ActiveCfg = Debug|Any CPU
		{4551E1A4-5F0B-4E3E-AB96-CB2A39685AFA}.Debug|Any CPU.Build.0 = Debug|Any CPU
		{4551E1A4-5F0B-4E3E-AB96-CB2A39685AFA}.Debug|iPhone.ActiveCfg = Debug|Any CPU
		{4551E1A4-5F0B-4E3E-AB96-CB2A39685AFA}.Debug|iPhone.Build.0 = Debug|Any CPU
		{4551E1A4-5F0B-4E3E-AB96-CB2A39685AFA}.Debug|iPhoneSimulator.ActiveCfg = Debug|Any CPU
		{4551E1A4-5F0B-4E3E-AB96-CB2A39685AFA}.Debug|iPhoneSimulator.Build.0 = Debug|Any CPU
		{4551E1A4-5F0B-4E3E-AB96-CB2A39685AFA}.Release|Any CPU.ActiveCfg = Release|Any CPU
		{4551E1A4-5F0B-4E3E-AB96-CB2A39685AFA}.Release|Any CPU.Build.0 = Release|Any CPU
		{4551E1A4-5F0B-4E3E-AB96-CB2A39685AFA}.Release|iPhone.ActiveCfg = Release|Any CPU
		{4551E1A4-5F0B-4E3E-AB96-CB2A39685AFA}.Release|iPhone.Build.0 = Release|Any CPU
		{4551E1A4-5F0B-4E3E-AB96-CB2A39685AFA}.Release|iPhoneSimulator.ActiveCfg = Release|Any CPU
		{4551E1A4-5F0B-4E3E-AB96-CB2A39685AFA}.Release|iPhoneSimulator.Build.0 = Release|Any CPU
		{790B42D7-52CA-4E6C-98DB-4F46FAA67C39}.Ad-Hoc|Any CPU.ActiveCfg = Debug|Any CPU
		{790B42D7-52CA-4E6C-98DB-4F46FAA67C39}.Ad-Hoc|Any CPU.Build.0 = Debug|Any CPU
		{790B42D7-52CA-4E6C-98DB-4F46FAA67C39}.Ad-Hoc|iPhone.ActiveCfg = Debug|Any CPU
		{790B42D7-52CA-4E6C-98DB-4F46FAA67C39}.Ad-Hoc|iPhone.Build.0 = Debug|Any CPU
		{790B42D7-52CA-4E6C-98DB-4F46FAA67C39}.Ad-Hoc|iPhoneSimulator.ActiveCfg = Debug|Any CPU
		{790B42D7-52CA-4E6C-98DB-4F46FAA67C39}.Ad-Hoc|iPhoneSimulator.Build.0 = Debug|Any CPU
		{790B42D7-52CA-4E6C-98DB-4F46FAA67C39}.AppStore|Any CPU.ActiveCfg = Debug|Any CPU
		{790B42D7-52CA-4E6C-98DB-4F46FAA67C39}.AppStore|Any CPU.Build.0 = Debug|Any CPU
		{790B42D7-52CA-4E6C-98DB-4F46FAA67C39}.AppStore|iPhone.ActiveCfg = Debug|Any CPU
		{790B42D7-52CA-4E6C-98DB-4F46FAA67C39}.AppStore|iPhone.Build.0 = Debug|Any CPU
		{790B42D7-52CA-4E6C-98DB-4F46FAA67C39}.AppStore|iPhoneSimulator.ActiveCfg = Debug|Any CPU
		{790B42D7-52CA-4E6C-98DB-4F46FAA67C39}.AppStore|iPhoneSimulator.Build.0 = Debug|Any CPU
		{790B42D7-52CA-4E6C-98DB-4F46FAA67C39}.Debug|Any CPU.ActiveCfg = Debug|Any CPU
		{790B42D7-52CA-4E6C-98DB-4F46FAA67C39}.Debug|Any CPU.Build.0 = Debug|Any CPU
		{790B42D7-52CA-4E6C-98DB-4F46FAA67C39}.Debug|iPhone.ActiveCfg = Debug|Any CPU
		{790B42D7-52CA-4E6C-98DB-4F46FAA67C39}.Debug|iPhone.Build.0 = Debug|Any CPU
		{790B42D7-52CA-4E6C-98DB-4F46FAA67C39}.Debug|iPhoneSimulator.ActiveCfg = Debug|Any CPU
		{790B42D7-52CA-4E6C-98DB-4F46FAA67C39}.Debug|iPhoneSimulator.Build.0 = Debug|Any CPU
		{790B42D7-52CA-4E6C-98DB-4F46FAA67C39}.Release|Any CPU.ActiveCfg = Release|Any CPU
		{790B42D7-52CA-4E6C-98DB-4F46FAA67C39}.Release|Any CPU.Build.0 = Release|Any CPU
		{790B42D7-52CA-4E6C-98DB-4F46FAA67C39}.Release|iPhone.ActiveCfg = Release|Any CPU
		{790B42D7-52CA-4E6C-98DB-4F46FAA67C39}.Release|iPhone.Build.0 = Release|Any CPU
		{790B42D7-52CA-4E6C-98DB-4F46FAA67C39}.Release|iPhoneSimulator.ActiveCfg = Release|Any CPU
		{790B42D7-52CA-4E6C-98DB-4F46FAA67C39}.Release|iPhoneSimulator.Build.0 = Release|Any CPU
	EndGlobalSection
	GlobalSection(SolutionProperties) = preSolution
		HideSolutionNode = FALSE
	EndGlobalSection
	GlobalSection(NestedProjects) = preSolution
		{5BD57E32-C15D-41A0-868E-D351B3CB726A} = {90FEB92B-7C16-494F-921F-078550421DF7}
		{29A91C6A-6941-4EF6-923E-20FD5F65DA04} = {5BD57E32-C15D-41A0-868E-D351B3CB726A}
		{AF0D6C78-F2F0-4289-B12D-239C03DC0C30} = {5BD57E32-C15D-41A0-868E-D351B3CB726A}
		{B9812262-7CBF-4C71-B4C9-81528F5BBD61} = {5BD57E32-C15D-41A0-868E-D351B3CB726A}
	EndGlobalSection
	GlobalSection(ExtensibilityGlobals) = postSolution
		SolutionGuid = {43E293B2-9233-458F-B0D1-C62D84A97F39}
	EndGlobalSection
EndGlobal
