
Microsoft Visual Studio Solution File, Format Version 12.00
# Visual Studio 15
VisualStudioVersion = 15.0.27130.2027
MinimumVisualStudioVersion = 10.0.40219.1
Project("{9A19103F-16F7-4668-BE54-9A1E7A4F7556}") = "ZYNetServer", "ZYNetServer\ZYNetServer.csproj", "{AC25FA41-87CC-4D7E-800A-F1275F405B7C}"
EndProject
Project("{9A19103F-16F7-4668-BE54-9A1E7A4F7556}") = "ZYNetFrame", "ZYNetFrame\ZYNetFrame.csproj", "{351DCB3D-A1E1-4E9D-94A9-B9F4BE4E3DB7}"
EndProject
Project("{9A19103F-16F7-4668-BE54-9A1E7A4F7556}") = "ZYNetClient", "ZYNetClient\ZYNetClient.csproj", "{05E815ED-1867-4BEE-A4D1-97B075301E1D}"
EndProject
Project("{2150E333-8FDC-42A3-9474-1A3956D46DE8}") = "Test", "Test", "{90FEB92B-7C16-494F-921F-078550421DF7}"
EndProject
Project("{2150E333-8FDC-42A3-9474-1A3956D46DE8}") = "ZYNETForNetCoreDEMO - Fody", "ZYNETForNetCoreDEMO - Fody", "{2D5D5726-E4D0-4F19-95C4-F9A871982A92}"
EndProject
Project("{9A19103F-16F7-4668-BE54-9A1E7A4F7556}") = "ZYNETClientForNetCore", "..\DEMO\ZYNETForNetCoreDEMO - New RPC\src\ZYNETClientForNetCore\ZYNETClientForNetCore.csproj", "{6AF0A038-4173-46CD-8C05-442E7E556B29}"
EndProject
Project("{9A19103F-16F7-4668-BE54-9A1E7A4F7556}") = "ZYNETServerForNetCore", "..\DEMO\ZYNETForNetCoreDEMO - New RPC\src\ZYNETServerForNetCore\ZYNETServerForNetCore.csproj", "{A61B3990-E08A-40EB-97B9-4F23330FD88F}"
EndProject
Project("{9A19103F-16F7-4668-BE54-9A1E7A4F7556}") = "InterfaceFodyAddin.Fody", "InterfaceFodyAddin.Fody\InterfaceFodyAddin.Fody.csproj", "{92AA434F-B047-4F83-B2B5-21E91E9FD8B8}"
EndProject
Project("{2150E333-8FDC-42A3-9474-1A3956D46DE8}") = "ZYNETForNetCoreDEMO - Emit", "ZYNETForNetCoreDEMO - Emit", "{BFAD5917-208D-4B82-895D-93BC67A01EC5}"
EndProject
Project("{9A19103F-16F7-4668-BE54-9A1E7A4F7556}") = "ZYNETServerForNetCore", "..\DEMO\ZYNETForNetCoreDEMO - Emit\src\ZYNETServerForNetCore\ZYNETServerForNetCore.csproj", "{1DDE5AAE-41C8-43E0-81DE-B3AFFFFFF1E6}"
EndProject
Project("{9A19103F-16F7-4668-BE54-9A1E7A4F7556}") = "ZYNETClientForNetCore", "..\DEMO\ZYNETForNetCoreDEMO - Emit\src\ZYNETClientForNetCore\ZYNETClientForNetCore.csproj", "{E61F1E7A-8FFB-4962-B974-C3AD36620B46}"
EndProject
Project("{2150E333-8FDC-42A3-9474-1A3956D46DE8}") = "MSG", "MSG", "{82B5843E-3FAE-48D3-A230-9057568A9C10}"
EndProject
Project("{FAE04EC0-301F-11D3-BF4B-00C04F79EFBC}") = "MsgServer", "..\DEMO\DEMO2 - New RPC\Server\Server\MsgServer.csproj", "{F9317026-DFC3-4BA7-B5B6-07DE2FE40028}"
EndProject
Project("{FAE04EC0-301F-11D3-BF4B-00C04F79EFBC}") = "MsgClient", "..\DEMO\DEMO2 - New RPC\Client\MsgClient.csproj", "{35733425-43F7-47D5-A239-DFFBABDD4413}"
EndProject
Project("{2150E333-8FDC-42A3-9474-1A3956D46DE8}") = "FileServ", "FileServ", "{88C4C2BD-625B-447F-9F68-3196623B3412}"
EndProject
Project("{9A19103F-16F7-4668-BE54-9A1E7A4F7556}") = "FileServ", "..\DEMO\FileServ\FileServ\FileServ.csproj", "{2D8D1A54-975D-45D4-B26E-524CF4BAF9BF}"
EndProject
Global
	GlobalSection(SolutionConfigurationPlatforms) = preSolution
		Ad-Hoc|Any CPU = Ad-Hoc|Any CPU
		Ad-Hoc|iPhone = Ad-Hoc|iPhone
		Ad-Hoc|iPhoneSimulator = Ad-Hoc|iPhoneSimulator
		AppStore|Any CPU = AppStore|Any CPU
		AppStore|iPhone = AppStore|iPhone
		AppStore|iPhoneSimulator = AppStore|iPhoneSimulator
		Debug|Any CPU = Debug|Any CPU
		Debug|iPhone = Debug|iPhone
		Debug|iPhoneSimulator = Debug|iPhoneSimulator
		Release|Any CPU = Release|Any CPU
		Release|iPhone = Release|iPhone
		Release|iPhoneSimulator = Release|iPhoneSimulator
	EndGlobalSection
	GlobalSection(ProjectConfigurationPlatforms) = postSolution
		{AC25FA41-87CC-4D7E-800A-F1275F405B7C}.Ad-Hoc|Any CPU.ActiveCfg = Release|Any CPU
		{AC25FA41-87CC-4D7E-800A-F1275F405B7C}.Ad-Hoc|Any CPU.Build.0 = Release|Any CPU
		{AC25FA41-87CC-4D7E-800A-F1275F405B7C}.Ad-Hoc|iPhone.ActiveCfg = Release|Any CPU
		{AC25FA41-87CC-4D7E-800A-F1275F405B7C}.Ad-Hoc|iPhone.Build.0 = Release|Any CPU
		{AC25FA41-87CC-4D7E-800A-F1275F405B7C}.Ad-Hoc|iPhoneSimulator.ActiveCfg = Release|Any CPU
		{AC25FA41-87CC-4D7E-800A-F1275F405B7C}.Ad-Hoc|iPhoneSimulator.Build.0 = Release|Any CPU
		{AC25FA41-87CC-4D7E-800A-F1275F405B7C}.AppStore|Any CPU.ActiveCfg = Release|Any CPU
		{AC25FA41-87CC-4D7E-800A-F1275F405B7C}.AppStore|Any CPU.Build.0 = Release|Any CPU
		{AC25FA41-87CC-4D7E-800A-F1275F405B7C}.AppStore|iPhone.ActiveCfg = Release|Any CPU
		{AC25FA41-87CC-4D7E-800A-F1275F405B7C}.AppStore|iPhone.Build.0 = Release|Any CPU
		{AC25FA41-87CC-4D7E-800A-F1275F405B7C}.AppStore|iPhoneSimulator.ActiveCfg = Release|Any CPU
		{AC25FA41-87CC-4D7E-800A-F1275F405B7C}.AppStore|iPhoneSimulator.Build.0 = Release|Any CPU
		{AC25FA41-87CC-4D7E-800A-F1275F405B7C}.Debug|Any CPU.ActiveCfg = Debug|Any CPU
		{AC25FA41-87CC-4D7E-800A-F1275F405B7C}.Debug|Any CPU.Build.0 = Debug|Any CPU
		{AC25FA41-87CC-4D7E-800A-F1275F405B7C}.Debug|iPhone.ActiveCfg = Debug|Any CPU
		{AC25FA41-87CC-4D7E-800A-F1275F405B7C}.Debug|iPhone.Build.0 = Debug|Any CPU
		{AC25FA41-87CC-4D7E-800A-F1275F405B7C}.Debug|iPhoneSimulator.ActiveCfg = Debug|Any CPU
		{AC25FA41-87CC-4D7E-800A-F1275F405B7C}.Debug|iPhoneSimulator.Build.0 = Debug|Any CPU
		{AC25FA41-87CC-4D7E-800A-F1275F405B7C}.Release|Any CPU.ActiveCfg = Release|Any CPU
		{AC25FA41-87CC-4D7E-800A-F1275F405B7C}.Release|Any CPU.Build.0 = Release|Any CPU
		{AC25FA41-87CC-4D7E-800A-F1275F405B7C}.Release|iPhone.ActiveCfg = Release|Any CPU
		{AC25FA41-87CC-4D7E-800A-F1275F405B7C}.Release|iPhone.Build.0 = Release|Any CPU
		{AC25FA41-87CC-4D7E-800A-F1275F405B7C}.Release|iPhoneSimulator.ActiveCfg = Release|Any CPU
		{AC25FA41-87CC-4D7E-800A-F1275F405B7C}.Release|iPhoneSimulator.Build.0 = Release|Any CPU
		{351DCB3D-A1E1-4E9D-94A9-B9F4BE4E3DB7}.Ad-Hoc|Any CPU.ActiveCfg = Release|Any CPU
		{351DCB3D-A1E1-4E9D-94A9-B9F4BE4E3DB7}.Ad-Hoc|Any CPU.Build.0 = Release|Any CPU
		{351DCB3D-A1E1-4E9D-94A9-B9F4BE4E3DB7}.Ad-Hoc|iPhone.ActiveCfg = Release|Any CPU
		{351DCB3D-A1E1-4E9D-94A9-B9F4BE4E3DB7}.Ad-Hoc|iPhone.Build.0 = Release|Any CPU
		{351DCB3D-A1E1-4E9D-94A9-B9F4BE4E3DB7}.Ad-Hoc|iPhoneSimulator.ActiveCfg = Release|Any CPU
		{351DCB3D-A1E1-4E9D-94A9-B9F4BE4E3DB7}.Ad-Hoc|iPhoneSimulator.Build.0 = Release|Any CPU
		{351DCB3D-A1E1-4E9D-94A9-B9F4BE4E3DB7}.AppStore|Any CPU.ActiveCfg = Release|Any CPU
		{351DCB3D-A1E1-4E9D-94A9-B9F4BE4E3DB7}.AppStore|Any CPU.Build.0 = Release|Any CPU
		{351DCB3D-A1E1-4E9D-94A9-B9F4BE4E3DB7}.AppStore|iPhone.ActiveCfg = Release|Any CPU
		{351DCB3D-A1E1-4E9D-94A9-B9F4BE4E3DB7}.AppStore|iPhone.Build.0 = Release|Any CPU
		{351DCB3D-A1E1-4E9D-94A9-B9F4BE4E3DB7}.AppStore|iPhoneSimulator.ActiveCfg = Release|Any CPU
		{351DCB3D-A1E1-4E9D-94A9-B9F4BE4E3DB7}.AppStore|iPhoneSimulator.Build.0 = Release|Any CPU
		{351DCB3D-A1E1-4E9D-94A9-B9F4BE4E3DB7}.Debug|Any CPU.ActiveCfg = Debug|Any CPU
		{351DCB3D-A1E1-4E9D-94A9-B9F4BE4E3DB7}.Debug|Any CPU.Build.0 = Debug|Any CPU
		{351DCB3D-A1E1-4E9D-94A9-B9F4BE4E3DB7}.Debug|iPhone.ActiveCfg = Debug|Any CPU
		{351DCB3D-A1E1-4E9D-94A9-B9F4BE4E3DB7}.Debug|iPhone.Build.0 = Debug|Any CPU
		{351DCB3D-A1E1-4E9D-94A9-B9F4BE4E3DB7}.Debug|iPhoneSimulator.ActiveCfg = Debug|Any CPU
		{351DCB3D-A1E1-4E9D-94A9-B9F4BE4E3DB7}.Debug|iPhoneSimulator.Build.0 = Debug|Any CPU
		{351DCB3D-A1E1-4E9D-94A9-B9F4BE4E3DB7}.Release|Any CPU.ActiveCfg = Release|Any CPU
		{351DCB3D-A1E1-4E9D-94A9-B9F4BE4E3DB7}.Release|Any CPU.Build.0 = Release|Any CPU
		{351DCB3D-A1E1-4E9D-94A9-B9F4BE4E3DB7}.Release|iPhone.ActiveCfg = Release|Any CPU
		{351DCB3D-A1E1-4E9D-94A9-B9F4BE4E3DB7}.Release|iPhone.Build.0 = Release|Any CPU
		{351DCB3D-A1E1-4E9D-94A9-B9F4BE4E3DB7}.Release|iPhoneSimulator.ActiveCfg = Release|Any CPU
		{351DCB3D-A1E1-4E9D-94A9-B9F4BE4E3DB7}.Release|iPhoneSimulator.Build.0 = Release|Any CPU
		{05E815ED-1867-4BEE-A4D1-97B075301E1D}.Ad-Hoc|Any CPU.ActiveCfg = Release|Any CPU
		{05E815ED-1867-4BEE-A4D1-97B075301E1D}.Ad-Hoc|Any CPU.Build.0 = Release|Any CPU
		{05E815ED-1867-4BEE-A4D1-97B075301E1D}.Ad-Hoc|iPhone.ActiveCfg = Release|Any CPU
		{05E815ED-1867-4BEE-A4D1-97B075301E1D}.Ad-Hoc|iPhone.Build.0 = Release|Any CPU
		{05E815ED-1867-4BEE-A4D1-97B075301E1D}.Ad-Hoc|iPhoneSimulator.ActiveCfg = Release|Any CPU
		{05E815ED-1867-4BEE-A4D1-97B075301E1D}.Ad-Hoc|iPhoneSimulator.Build.0 = Release|Any CPU
		{05E815ED-1867-4BEE-A4D1-97B075301E1D}.AppStore|Any CPU.ActiveCfg = Release|Any CPU
		{05E815ED-1867-4BEE-A4D1-97B075301E1D}.AppStore|Any CPU.Build.0 = Release|Any CPU
		{05E815ED-1867-4BEE-A4D1-97B075301E1D}.AppStore|iPhone.ActiveCfg = Release|Any CPU
		{05E815ED-1867-4BEE-A4D1-97B075301E1D}.AppStore|iPhone.Build.0 = Release|Any CPU
		{05E815ED-1867-4BEE-A4D1-97B075301E1D}.AppStore|iPhoneSimulator.ActiveCfg = Release|Any CPU
		{05E815ED-1867-4BEE-A4D1-97B075301E1D}.AppStore|iPhoneSimulator.Build.0 = Release|Any CPU
		{05E815ED-1867-4BEE-A4D1-97B075301E1D}.Debug|Any CPU.ActiveCfg = Debug|Any CPU
		{05E815ED-1867-4BEE-A4D1-97B075301E1D}.Debug|Any CPU.Build.0 = Debug|Any CPU
		{05E815ED-1867-4BEE-A4D1-97B075301E1D}.Debug|iPhone.ActiveCfg = Debug|Any CPU
		{05E815ED-1867-4BEE-A4D1-97B075301E1D}.Debug|iPhone.Build.0 = Debug|Any CPU
		{05E815ED-1867-4BEE-A4D1-97B075301E1D}.Debug|iPhoneSimulator.ActiveCfg = Debug|Any CPU
		{05E815ED-1867-4BEE-A4D1-97B075301E1D}.Debug|iPhoneSimulator.Build.0 = Debug|Any CPU
		{05E815ED-1867-4BEE-A4D1-97B075301E1D}.Release|Any CPU.ActiveCfg = Release|Any CPU
		{05E815ED-1867-4BEE-A4D1-97B075301E1D}.Release|Any CPU.Build.0 = Release|Any CPU
		{05E815ED-1867-4BEE-A4D1-97B075301E1D}.Release|iPhone.ActiveCfg = Release|Any CPU
		{05E815ED-1867-4BEE-A4D1-97B075301E1D}.Release|iPhone.Build.0 = Release|Any CPU
		{05E815ED-1867-4BEE-A4D1-97B075301E1D}.Release|iPhoneSimulator.ActiveCfg = Release|Any CPU
		{05E815ED-1867-4BEE-A4D1-97B075301E1D}.Release|iPhoneSimulator.Build.0 = Release|Any CPU
		{6AF0A038-4173-46CD-8C05-442E7E556B29}.Ad-Hoc|Any CPU.ActiveCfg = Release|Any CPU
		{6AF0A038-4173-46CD-8C05-442E7E556B29}.Ad-Hoc|Any CPU.Build.0 = Release|Any CPU
		{6AF0A038-4173-46CD-8C05-442E7E556B29}.Ad-Hoc|iPhone.ActiveCfg = Release|Any CPU
		{6AF0A038-4173-46CD-8C05-442E7E556B29}.Ad-Hoc|iPhone.Build.0 = Release|Any CPU
		{6AF0A038-4173-46CD-8C05-442E7E556B29}.Ad-Hoc|iPhoneSimulator.ActiveCfg = Release|Any CPU
		{6AF0A038-4173-46CD-8C05-442E7E556B29}.Ad-Hoc|iPhoneSimulator.Build.0 = Release|Any CPU
		{6AF0A038-4173-46CD-8C05-442E7E556B29}.AppStore|Any CPU.ActiveCfg = Release|Any CPU
		{6AF0A038-4173-46CD-8C05-442E7E556B29}.AppStore|Any CPU.Build.0 = Release|Any CPU
		{6AF0A038-4173-46CD-8C05-442E7E556B29}.AppStore|iPhone.ActiveCfg = Release|Any CPU
		{6AF0A038-4173-46CD-8C05-442E7E556B29}.AppStore|iPhone.Build.0 = Release|Any CPU
		{6AF0A038-4173-46CD-8C05-442E7E556B29}.AppStore|iPhoneSimulator.ActiveCfg = Release|Any CPU
		{6AF0A038-4173-46CD-8C05-442E7E556B29}.AppStore|iPhoneSimulator.Build.0 = Release|Any CPU
		{6AF0A038-4173-46CD-8C05-442E7E556B29}.Debug|Any CPU.ActiveCfg = Debug|Any CPU
		{6AF0A038-4173-46CD-8C05-442E7E556B29}.Debug|Any CPU.Build.0 = Debug|Any CPU
		{6AF0A038-4173-46CD-8C05-442E7E556B29}.Debug|iPhone.ActiveCfg = Debug|Any CPU
		{6AF0A038-4173-46CD-8C05-442E7E556B29}.Debug|iPhone.Build.0 = Debug|Any CPU
		{6AF0A038-4173-46CD-8C05-442E7E556B29}.Debug|iPhoneSimulator.ActiveCfg = Debug|Any CPU
		{6AF0A038-4173-46CD-8C05-442E7E556B29}.Debug|iPhoneSimulator.Build.0 = Debug|Any CPU
		{6AF0A038-4173-46CD-8C05-442E7E556B29}.Release|Any CPU.ActiveCfg = Release|Any CPU
		{6AF0A038-4173-46CD-8C05-442E7E556B29}.Release|Any CPU.Build.0 = Release|Any CPU
		{6AF0A038-4173-46CD-8C05-442E7E556B29}.Release|iPhone.ActiveCfg = Release|Any CPU
		{6AF0A038-4173-46CD-8C05-442E7E556B29}.Release|iPhone.Build.0 = Release|Any CPU
		{6AF0A038-4173-46CD-8C05-442E7E556B29}.Release|iPhoneSimulator.ActiveCfg = Release|Any CPU
		{6AF0A038-4173-46CD-8C05-442E7E556B29}.Release|iPhoneSimulator.Build.0 = Release|Any CPU
		{A61B3990-E08A-40EB-97B9-4F23330FD88F}.Ad-Hoc|Any CPU.ActiveCfg = Release|Any CPU
		{A61B3990-E08A-40EB-97B9-4F23330FD88F}.Ad-Hoc|Any CPU.Build.0 = Release|Any CPU
		{A61B3990-E08A-40EB-97B9-4F23330FD88F}.Ad-Hoc|iPhone.ActiveCfg = Release|Any CPU
		{A61B3990-E08A-40EB-97B9-4F23330FD88F}.Ad-Hoc|iPhone.Build.0 = Release|Any CPU
		{A61B3990-E08A-40EB-97B9-4F23330FD88F}.Ad-Hoc|iPhoneSimulator.ActiveCfg = Release|Any CPU
		{A61B3990-E08A-40EB-97B9-4F23330FD88F}.Ad-Hoc|iPhoneSimulator.Build.0 = Release|Any CPU
		{A61B3990-E08A-40EB-97B9-4F23330FD88F}.AppStore|Any CPU.ActiveCfg = Release|Any CPU
		{A61B3990-E08A-40EB-97B9-4F23330FD88F}.AppStore|Any CPU.Build.0 = Release|Any CPU
		{A61B3990-E08A-40EB-97B9-4F23330FD88F}.AppStore|iPhone.ActiveCfg = Release|Any CPU
		{A61B3990-E08A-40EB-97B9-4F23330FD88F}.AppStore|iPhone.Build.0 = Release|Any CPU
		{A61B3990-E08A-40EB-97B9-4F23330FD88F}.AppStore|iPhoneSimulator.ActiveCfg = Release|Any CPU
		{A61B3990-E08A-40EB-97B9-4F23330FD88F}.AppStore|iPhoneSimulator.Build.0 = Release|Any CPU
		{A61B3990-E08A-40EB-97B9-4F23330FD88F}.Debug|Any CPU.ActiveCfg = Debug|Any CPU
		{A61B3990-E08A-40EB-97B9-4F23330FD88F}.Debug|Any CPU.Build.0 = Debug|Any CPU
		{A61B3990-E08A-40EB-97B9-4F23330FD88F}.Debug|iPhone.ActiveCfg = Debug|Any CPU
		{A61B3990-E08A-40EB-97B9-4F23330FD88F}.Debug|iPhone.Build.0 = Debug|Any CPU
		{A61B3990-E08A-40EB-97B9-4F23330FD88F}.Debug|iPhoneSimulator.ActiveCfg = Debug|Any CPU
		{A61B3990-E08A-40EB-97B9-4F23330FD88F}.Debug|iPhoneSimulator.Build.0 = Debug|Any CPU
		{A61B3990-E08A-40EB-97B9-4F23330FD88F}.Release|Any CPU.ActiveCfg = Release|Any CPU
		{A61B3990-E08A-40EB-97B9-4F23330FD88F}.Release|Any CPU.Build.0 = Release|Any CPU
		{A61B3990-E08A-40EB-97B9-4F23330FD88F}.Release|iPhone.ActiveCfg = Release|Any CPU
		{A61B3990-E08A-40EB-97B9-4F23330FD88F}.Release|iPhone.Build.0 = Release|Any CPU
		{A61B3990-E08A-40EB-97B9-4F23330FD88F}.Release|iPhoneSimulator.ActiveCfg = Release|Any CPU
		{A61B3990-E08A-40EB-97B9-4F23330FD88F}.Release|iPhoneSimulator.Build.0 = Release|Any CPU
		{92AA434F-B047-4F83-B2B5-21E91E9FD8B8}.Ad-Hoc|Any CPU.ActiveCfg = Debug|Any CPU
		{92AA434F-B047-4F83-B2B5-21E91E9FD8B8}.Ad-Hoc|Any CPU.Build.0 = Debug|Any CPU
		{92AA434F-B047-4F83-B2B5-21E91E9FD8B8}.Ad-Hoc|iPhone.ActiveCfg = Debug|Any CPU
		{92AA434F-B047-4F83-B2B5-21E91E9FD8B8}.Ad-Hoc|iPhone.Build.0 = Debug|Any CPU
		{92AA434F-B047-4F83-B2B5-21E91E9FD8B8}.Ad-Hoc|iPhoneSimulator.ActiveCfg = Debug|Any CPU
		{92AA434F-B047-4F83-B2B5-21E91E9FD8B8}.Ad-Hoc|iPhoneSimulator.Build.0 = Debug|Any CPU
		{92AA434F-B047-4F83-B2B5-21E91E9FD8B8}.AppStore|Any CPU.ActiveCfg = Debug|Any CPU
		{92AA434F-B047-4F83-B2B5-21E91E9FD8B8}.AppStore|Any CPU.Build.0 = Debug|Any CPU
		{92AA434F-B047-4F83-B2B5-21E91E9FD8B8}.AppStore|iPhone.ActiveCfg = Debug|Any CPU
		{92AA434F-B047-4F83-B2B5-21E91E9FD8B8}.AppStore|iPhone.Build.0 = Debug|Any CPU
		{92AA434F-B047-4F83-B2B5-21E91E9FD8B8}.AppStore|iPhoneSimulator.ActiveCfg = Debug|Any CPU
		{92AA434F-B047-4F83-B2B5-21E91E9FD8B8}.AppStore|iPhoneSimulator.Build.0 = Debug|Any CPU
		{92AA434F-B047-4F83-B2B5-21E91E9FD8B8}.Debug|Any CPU.ActiveCfg = Debug|Any CPU
		{92AA434F-B047-4F83-B2B5-21E91E9FD8B8}.Debug|Any CPU.Build.0 = Debug|Any CPU
		{92AA434F-B047-4F83-B2B5-21E91E9FD8B8}.Debug|iPhone.ActiveCfg = Debug|Any CPU
		{92AA434F-B047-4F83-B2B5-21E91E9FD8B8}.Debug|iPhone.Build.0 = Debug|Any CPU
		{92AA434F-B047-4F83-B2B5-21E91E9FD8B8}.Debug|iPhoneSimulator.ActiveCfg = Debug|Any CPU
		{92AA434F-B047-4F83-B2B5-21E91E9FD8B8}.Debug|iPhoneSimulator.Build.0 = Debug|Any CPU
		{92AA434F-B047-4F83-B2B5-21E91E9FD8B8}.Release|Any CPU.ActiveCfg = Release|Any CPU
		{92AA434F-B047-4F83-B2B5-21E91E9FD8B8}.Release|Any CPU.Build.0 = Release|Any CPU
		{92AA434F-B047-4F83-B2B5-21E91E9FD8B8}.Release|iPhone.ActiveCfg = Release|Any CPU
		{92AA434F-B047-4F83-B2B5-21E91E9FD8B8}.Release|iPhone.Build.0 = Release|Any CPU
		{92AA434F-B047-4F83-B2B5-21E91E9FD8B8}.Release|iPhoneSimulator.ActiveCfg = Release|Any CPU
		{92AA434F-B047-4F83-B2B5-21E91E9FD8B8}.Release|iPhoneSimulator.Build.0 = Release|Any CPU
		{1DDE5AAE-41C8-43E0-81DE-B3AFFFFFF1E6}.Ad-Hoc|Any CPU.ActiveCfg = Debug|Any CPU
		{1DDE5AAE-41C8-43E0-81DE-B3AFFFFFF1E6}.Ad-Hoc|Any CPU.Build.0 = Debug|Any CPU
		{1DDE5AAE-41C8-43E0-81DE-B3AFFFFFF1E6}.Ad-Hoc|iPhone.ActiveCfg = Debug|Any CPU
		{1DDE5AAE-41C8-43E0-81DE-B3AFFFFFF1E6}.Ad-Hoc|iPhone.Build.0 = Debug|Any CPU
		{1DDE5AAE-41C8-43E0-81DE-B3AFFFFFF1E6}.Ad-Hoc|iPhoneSimulator.ActiveCfg = Debug|Any CPU
		{1DDE5AAE-41C8-43E0-81DE-B3AFFFFFF1E6}.Ad-Hoc|iPhoneSimulator.Build.0 = Debug|Any CPU
		{1DDE5AAE-41C8-43E0-81DE-B3AFFFFFF1E6}.AppStore|Any CPU.ActiveCfg = Debug|Any CPU
		{1DDE5AAE-41C8-43E0-81DE-B3AFFFFFF1E6}.AppStore|Any CPU.Build.0 = Debug|Any CPU
		{1DDE5AAE-41C8-43E0-81DE-B3AFFFFFF1E6}.AppStore|iPhone.ActiveCfg = Debug|Any CPU
		{1DDE5AAE-41C8-43E0-81DE-B3AFFFFFF1E6}.AppStore|iPhone.Build.0 = Debug|Any CPU
		{1DDE5AAE-41C8-43E0-81DE-B3AFFFFFF1E6}.AppStore|iPhoneSimulator.ActiveCfg = Debug|Any CPU
		{1DDE5AAE-41C8-43E0-81DE-B3AFFFFFF1E6}.AppStore|iPhoneSimulator.Build.0 = Debug|Any CPU
		{1DDE5AAE-41C8-43E0-81DE-B3AFFFFFF1E6}.Debug|Any CPU.ActiveCfg = Debug|Any CPU
		{1DDE5AAE-41C8-43E0-81DE-B3AFFFFFF1E6}.Debug|Any CPU.Build.0 = Debug|Any CPU
		{1DDE5AAE-41C8-43E0-81DE-B3AFFFFFF1E6}.Debug|iPhone.ActiveCfg = Debug|Any CPU
		{1DDE5AAE-41C8-43E0-81DE-B3AFFFFFF1E6}.Debug|iPhone.Build.0 = Debug|Any CPU
		{1DDE5AAE-41C8-43E0-81DE-B3AFFFFFF1E6}.Debug|iPhoneSimulator.ActiveCfg = Debug|Any CPU
		{1DDE5AAE-41C8-43E0-81DE-B3AFFFFFF1E6}.Debug|iPhoneSimulator.Build.0 = Debug|Any CPU
		{1DDE5AAE-41C8-43E0-81DE-B3AFFFFFF1E6}.Release|Any CPU.ActiveCfg = Release|Any CPU
		{1DDE5AAE-41C8-43E0-81DE-B3AFFFFFF1E6}.Release|Any CPU.Build.0 = Release|Any CPU
		{1DDE5AAE-41C8-43E0-81DE-B3AFFFFFF1E6}.Release|iPhone.ActiveCfg = Release|Any CPU
		{1DDE5AAE-41C8-43E0-81DE-B3AFFFFFF1E6}.Release|iPhone.Build.0 = Release|Any CPU
		{1DDE5AAE-41C8-43E0-81DE-B3AFFFFFF1E6}.Release|iPhoneSimulator.ActiveCfg = Release|Any CPU
		{1DDE5AAE-41C8-43E0-81DE-B3AFFFFFF1E6}.Release|iPhoneSimulator.Build.0 = Release|Any CPU
		{E61F1E7A-8FFB-4962-B974-C3AD36620B46}.Ad-Hoc|Any CPU.ActiveCfg = Debug|Any CPU
		{E61F1E7A-8FFB-4962-B974-C3AD36620B46}.Ad-Hoc|Any CPU.Build.0 = Debug|Any CPU
		{E61F1E7A-8FFB-4962-B974-C3AD36620B46}.Ad-Hoc|iPhone.ActiveCfg = Debug|Any CPU
		{E61F1E7A-8FFB-4962-B974-C3AD36620B46}.Ad-Hoc|iPhone.Build.0 = Debug|Any CPU
		{E61F1E7A-8FFB-4962-B974-C3AD36620B46}.Ad-Hoc|iPhoneSimulator.ActiveCfg = Debug|Any CPU
		{E61F1E7A-8FFB-4962-B974-C3AD36620B46}.Ad-Hoc|iPhoneSimulator.Build.0 = Debug|Any CPU
		{E61F1E7A-8FFB-4962-B974-C3AD36620B46}.AppStore|Any CPU.ActiveCfg = Debug|Any CPU
		{E61F1E7A-8FFB-4962-B974-C3AD36620B46}.AppStore|Any CPU.Build.0 = Debug|Any CPU
		{E61F1E7A-8FFB-4962-B974-C3AD36620B46}.AppStore|iPhone.ActiveCfg = Debug|Any CPU
		{E61F1E7A-8FFB-4962-B974-C3AD36620B46}.AppStore|iPhone.Build.0 = Debug|Any CPU
		{E61F1E7A-8FFB-4962-B974-C3AD36620B46}.AppStore|iPhoneSimulator.ActiveCfg = Debug|Any CPU
		{E61F1E7A-8FFB-4962-B974-C3AD36620B46}.AppStore|iPhoneSimulator.Build.0 = Debug|Any CPU
		{E61F1E7A-8FFB-4962-B974-C3AD36620B46}.Debug|Any CPU.ActiveCfg = Debug|Any CPU
		{E61F1E7A-8FFB-4962-B974-C3AD36620B46}.Debug|Any CPU.Build.0 = Debug|Any CPU
		{E61F1E7A-8FFB-4962-B974-C3AD36620B46}.Debug|iPhone.ActiveCfg = Debug|Any CPU
		{E61F1E7A-8FFB-4962-B974-C3AD36620B46}.Debug|iPhone.Build.0 = Debug|Any CPU
		{E61F1E7A-8FFB-4962-B974-C3AD36620B46}.Debug|iPhoneSimulator.ActiveCfg = Debug|Any CPU
		{E61F1E7A-8FFB-4962-B974-C3AD36620B46}.Debug|iPhoneSimulator.Build.0 = Debug|Any CPU
		{E61F1E7A-8FFB-4962-B974-C3AD36620B46}.Release|Any CPU.ActiveCfg = Release|Any CPU
		{E61F1E7A-8FFB-4962-B974-C3AD36620B46}.Release|Any CPU.Build.0 = Release|Any CPU
		{E61F1E7A-8FFB-4962-B974-C3AD36620B46}.Release|iPhone.ActiveCfg = Release|Any CPU
		{E61F1E7A-8FFB-4962-B974-C3AD36620B46}.Release|iPhone.Build.0 = Release|Any CPU
		{E61F1E7A-8FFB-4962-B974-C3AD36620B46}.Release|iPhoneSimulator.ActiveCfg = Release|Any CPU
		{E61F1E7A-8FFB-4962-B974-C3AD36620B46}.Release|iPhoneSimulator.Build.0 = Release|Any CPU
		{F9317026-DFC3-4BA7-B5B6-07DE2FE40028}.Ad-Hoc|Any CPU.ActiveCfg = Release|Any CPU
		{F9317026-DFC3-4BA7-B5B6-07DE2FE40028}.Ad-Hoc|Any CPU.Build.0 = Release|Any CPU
		{F9317026-DFC3-4BA7-B5B6-07DE2FE40028}.Ad-Hoc|iPhone.ActiveCfg = Release|Any CPU
		{F9317026-DFC3-4BA7-B5B6-07DE2FE40028}.Ad-Hoc|iPhone.Build.0 = Release|Any CPU
		{F9317026-DFC3-4BA7-B5B6-07DE2FE40028}.Ad-Hoc|iPhoneSimulator.ActiveCfg = Release|Any CPU
		{F9317026-DFC3-4BA7-B5B6-07DE2FE40028}.Ad-Hoc|iPhoneSimulator.Build.0 = Release|Any CPU
		{F9317026-DFC3-4BA7-B5B6-07DE2FE40028}.AppStore|Any CPU.ActiveCfg = Release|Any CPU
		{F9317026-DFC3-4BA7-B5B6-07DE2FE40028}.AppStore|Any CPU.Build.0 = Release|Any CPU
		{F9317026-DFC3-4BA7-B5B6-07DE2FE40028}.AppStore|iPhone.ActiveCfg = Release|Any CPU
		{F9317026-DFC3-4BA7-B5B6-07DE2FE40028}.AppStore|iPhone.Build.0 = Release|Any CPU
		{F9317026-DFC3-4BA7-B5B6-07DE2FE40028}.AppStore|iPhoneSimulator.ActiveCfg = Release|Any CPU
		{F9317026-DFC3-4BA7-B5B6-07DE2FE40028}.AppStore|iPhoneSimulator.Build.0 = Release|Any CPU
		{F9317026-DFC3-4BA7-B5B6-07DE2FE40028}.Debug|Any CPU.ActiveCfg = Debug|Any CPU
		{F9317026-DFC3-4BA7-B5B6-07DE2FE40028}.Debug|Any CPU.Build.0 = Debug|Any CPU
		{F9317026-DFC3-4BA7-B5B6-07DE2FE40028}.Debug|iPhone.ActiveCfg = Debug|Any CPU
		{F9317026-DFC3-4BA7-B5B6-07DE2FE40028}.Debug|iPhone.Build.0 = Debug|Any CPU
		{F9317026-DFC3-4BA7-B5B6-07DE2FE40028}.Debug|iPhoneSimulator.ActiveCfg = Debug|Any CPU
		{F9317026-DFC3-4BA7-B5B6-07DE2FE40028}.Debug|iPhoneSimulator.Build.0 = Debug|Any CPU
		{F9317026-DFC3-4BA7-B5B6-07DE2FE40028}.Release|Any CPU.ActiveCfg = Release|Any CPU
		{F9317026-DFC3-4BA7-B5B6-07DE2FE40028}.Release|Any CPU.Build.0 = Release|Any CPU
		{F9317026-DFC3-4BA7-B5B6-07DE2FE40028}.Release|iPhone.ActiveCfg = Release|Any CPU
		{F9317026-DFC3-4BA7-B5B6-07DE2FE40028}.Release|iPhone.Build.0 = Release|Any CPU
		{F9317026-DFC3-4BA7-B5B6-07DE2FE40028}.Release|iPhoneSimulator.ActiveCfg = Release|Any CPU
		{F9317026-DFC3-4BA7-B5B6-07DE2FE40028}.Release|iPhoneSimulator.Build.0 = Release|Any CPU
		{35733425-43F7-47D5-A239-DFFBABDD4413}.Ad-Hoc|Any CPU.ActiveCfg = Release|Any CPU
		{35733425-43F7-47D5-A239-DFFBABDD4413}.Ad-Hoc|Any CPU.Build.0 = Release|Any CPU
		{35733425-43F7-47D5-A239-DFFBABDD4413}.Ad-Hoc|iPhone.ActiveCfg = Release|Any CPU
		{35733425-43F7-47D5-A239-DFFBABDD4413}.Ad-Hoc|iPhone.Build.0 = Release|Any CPU
		{35733425-43F7-47D5-A239-DFFBABDD4413}.Ad-Hoc|iPhoneSimulator.ActiveCfg = Release|Any CPU
		{35733425-43F7-47D5-A239-DFFBABDD4413}.Ad-Hoc|iPhoneSimulator.Build.0 = Release|Any CPU
		{35733425-43F7-47D5-A239-DFFBABDD4413}.AppStore|Any CPU.ActiveCfg = Release|Any CPU
		{35733425-43F7-47D5-A239-DFFBABDD4413}.AppStore|Any CPU.Build.0 = Release|Any CPU
		{35733425-43F7-47D5-A239-DFFBABDD4413}.AppStore|iPhone.ActiveCfg = Release|Any CPU
		{35733425-43F7-47D5-A239-DFFBABDD4413}.AppStore|iPhone.Build.0 = Release|Any CPU
		{35733425-43F7-47D5-A239-DFFBABDD4413}.AppStore|iPhoneSimulator.ActiveCfg = Release|Any CPU
		{35733425-43F7-47D5-A239-DFFBABDD4413}.AppStore|iPhoneSimulator.Build.0 = Release|Any CPU
		{35733425-43F7-47D5-A239-DFFBABDD4413}.Debug|Any CPU.ActiveCfg = Debug|Any CPU
		{35733425-43F7-47D5-A239-DFFBABDD4413}.Debug|Any CPU.Build.0 = Debug|Any CPU
		{35733425-43F7-47D5-A239-DFFBABDD4413}.Debug|iPhone.ActiveCfg = Debug|Any CPU
		{35733425-43F7-47D5-A239-DFFBABDD4413}.Debug|iPhone.Build.0 = Debug|Any CPU
		{35733425-43F7-47D5-A239-DFFBABDD4413}.Debug|iPhoneSimulator.ActiveCfg = Debug|Any CPU
		{35733425-43F7-47D5-A239-DFFBABDD4413}.Debug|iPhoneSimulator.Build.0 = Debug|Any CPU
		{35733425-43F7-47D5-A239-DFFBABDD4413}.Release|Any CPU.ActiveCfg = Release|Any CPU
		{35733425-43F7-47D5-A239-DFFBABDD4413}.Release|Any CPU.Build.0 = Release|Any CPU
		{35733425-43F7-47D5-A239-DFFBABDD4413}.Release|iPhone.ActiveCfg = Release|Any CPU
		{35733425-43F7-47D5-A239-DFFBABDD4413}.Release|iPhone.Build.0 = Release|Any CPU
		{35733425-43F7-47D5-A239-DFFBABDD4413}.Release|iPhoneSimulator.ActiveCfg = Release|Any CPU
		{35733425-43F7-47D5-A239-DFFBABDD4413}.Release|iPhoneSimulator.Build.0 = Release|Any CPU
		{2D8D1A54-975D-45D4-B26E-524CF4BAF9BF}.Ad-Hoc|Any CPU.ActiveCfg = Debug|Any CPU
		{2D8D1A54-975D-45D4-B26E-524CF4BAF9BF}.Ad-Hoc|Any CPU.Build.0 = Debug|Any CPU
		{2D8D1A54-975D-45D4-B26E-524CF4BAF9BF}.Ad-Hoc|iPhone.ActiveCfg = Debug|Any CPU
		{2D8D1A54-975D-45D4-B26E-524CF4BAF9BF}.Ad-Hoc|iPhone.Build.0 = Debug|Any CPU
		{2D8D1A54-975D-45D4-B26E-524CF4BAF9BF}.Ad-Hoc|iPhoneSimulator.ActiveCfg = Debug|Any CPU
		{2D8D1A54-975D-45D4-B26E-524CF4BAF9BF}.Ad-Hoc|iPhoneSimulator.Build.0 = Debug|Any CPU
		{2D8D1A54-975D-45D4-B26E-524CF4BAF9BF}.AppStore|Any CPU.ActiveCfg = Debug|Any CPU
		{2D8D1A54-975D-45D4-B26E-524CF4BAF9BF}.AppStore|Any CPU.Build.0 = Debug|Any CPU
		{2D8D1A54-975D-45D4-B26E-524CF4BAF9BF}.AppStore|iPhone.ActiveCfg = Debug|Any CPU
		{2D8D1A54-975D-45D4-B26E-524CF4BAF9BF}.AppStore|iPhone.Build.0 = Debug|Any CPU
		{2D8D1A54-975D-45D4-B26E-524CF4BAF9BF}.AppStore|iPhoneSimulator.ActiveCfg = Debug|Any CPU
		{2D8D1A54-975D-45D4-B26E-524CF4BAF9BF}.AppStore|iPhoneSimulator.Build.0 = Debug|Any CPU
		{2D8D1A54-975D-45D4-B26E-524CF4BAF9BF}.Debug|Any CPU.ActiveCfg = Debug|Any CPU
		{2D8D1A54-975D-45D4-B26E-524CF4BAF9BF}.Debug|Any CPU.Build.0 = Debug|Any CPU
		{2D8D1A54-975D-45D4-B26E-524CF4BAF9BF}.Debug|iPhone.ActiveCfg = Debug|Any CPU
		{2D8D1A54-975D-45D4-B26E-524CF4BAF9BF}.Debug|iPhone.Build.0 = Debug|Any CPU
		{2D8D1A54-975D-45D4-B26E-524CF4BAF9BF}.Debug|iPhoneSimulator.ActiveCfg = Debug|Any CPU
		{2D8D1A54-975D-45D4-B26E-524CF4BAF9BF}.Debug|iPhoneSimulator.Build.0 = Debug|Any CPU
		{2D8D1A54-975D-45D4-B26E-524CF4BAF9BF}.Release|Any CPU.ActiveCfg = Release|Any CPU
		{2D8D1A54-975D-45D4-B26E-524CF4BAF9BF}.Release|Any CPU.Build.0 = Release|Any CPU
		{2D8D1A54-975D-45D4-B26E-524CF4BAF9BF}.Release|iPhone.ActiveCfg = Release|Any CPU
		{2D8D1A54-975D-45D4-B26E-524CF4BAF9BF}.Release|iPhone.Build.0 = Release|Any CPU
		{2D8D1A54-975D-45D4-B26E-524CF4BAF9BF}.Release|iPhoneSimulator.ActiveCfg = Release|Any CPU
		{2D8D1A54-975D-45D4-B26E-524CF4BAF9BF}.Release|iPhoneSimulator.Build.0 = Release|Any CPU
	EndGlobalSection
	GlobalSection(SolutionProperties) = preSolution
		HideSolutionNode = FALSE
	EndGlobalSection
	GlobalSection(NestedProjects) = preSolution
		{2D5D5726-E4D0-4F19-95C4-F9A871982A92} = {90FEB92B-7C16-494F-921F-078550421DF7}
		{6AF0A038-4173-46CD-8C05-442E7E556B29} = {2D5D5726-E4D0-4F19-95C4-F9A871982A92}
		{A61B3990-E08A-40EB-97B9-4F23330FD88F} = {2D5D5726-E4D0-4F19-95C4-F9A871982A92}
		{BFAD5917-208D-4B82-895D-93BC67A01EC5} = {90FEB92B-7C16-494F-921F-078550421DF7}
		{1DDE5AAE-41C8-43E0-81DE-B3AFFFFFF1E6} = {BFAD5917-208D-4B82-895D-93BC67A01EC5}
		{E61F1E7A-8FFB-4962-B974-C3AD36620B46} = {BFAD5917-208D-4B82-895D-93BC67A01EC5}
		{82B5843E-3FAE-48D3-A230-9057568A9C10} = {90FEB92B-7C16-494F-921F-078550421DF7}
		{F9317026-DFC3-4BA7-B5B6-07DE2FE40028} = {82B5843E-3FAE-48D3-A230-9057568A9C10}
		{35733425-43F7-47D5-A239-DFFBABDD4413} = {82B5843E-3FAE-48D3-A230-9057568A9C10}
		{88C4C2BD-625B-447F-9F68-3196623B3412} = {90FEB92B-7C16-494F-921F-078550421DF7}
		{2D8D1A54-975D-45D4-B26E-524CF4BAF9BF} = {88C4C2BD-625B-447F-9F68-3196623B3412}
	EndGlobalSection
	GlobalSection(ExtensibilityGlobals) = postSolution
		SolutionGuid = {43E293B2-9233-458F-B0D1-C62D84A97F39}
	EndGlobalSection
EndGlobal
